
Microsoft Visual Studio Solution File, Format Version 12.00
# Visual Studio Version 17
VisualStudioVersion = 17.12.35707.178 d17.12
MinimumVisualStudioVersion = 10.0.40219.1
Project("{FAE04EC0-301F-11D3-BF4B-00C04F79EFBC}") = "TriviaMachine_Test", "TriviaMachine_Test.csproj", "{9A17623D-30A4-4E48-98DB-DCBDFBE1A4AE}"
EndProject
Project("{FAE04EC0-301F-11D3-BF4B-00C04F79EFBC}") = "TrivaMachine_Offical", "..\TrivaMachine_Offical\TrivaMachine_Offical.csproj", "{B12C28F5-835B-4C0E-8035-3F83707A911A}"
EndProject
Global
	GlobalSection(SolutionConfigurationPlatforms) = preSolution
		Debug|Any CPU = Debug|Any CPU
		Release|Any CPU = Release|Any CPU
	EndGlobalSection
	GlobalSection(ProjectConfigurationPlatforms) = postSolution
		{9A17623D-30A4-4E48-98DB-DCBDFBE1A4AE}.Debug|Any CPU.ActiveCfg = Debug|Any CPU
		{9A17623D-30A4-4E48-98DB-DCBDFBE1A4AE}.Debug|Any CPU.Build.0 = Debug|Any CPU
		{9A17623D-30A4-4E48-98DB-DCBDFBE1A4AE}.Release|Any CPU.ActiveCfg = Release|Any CPU
		{9A17623D-30A4-4E48-98DB-DCBDFBE1A4AE}.Release|Any CPU.Build.0 = Release|Any CPU
		{B12C28F5-835B-4C0E-8035-3F83707A911A}.Debug|Any CPU.ActiveCfg = Debug|Any CPU
		{B12C28F5-835B-4C0E-8035-3F83707A911A}.Debug|Any CPU.Build.0 = Debug|Any CPU
		{B12C28F5-835B-4C0E-8035-3F83707A911A}.Release|Any CPU.ActiveCfg = Release|Any CPU
		{B12C28F5-835B-4C0E-8035-3F83707A911A}.Release|Any CPU.Build.0 = Release|Any CPU
	EndGlobalSection
	GlobalSection(SolutionProperties) = preSolution
		HideSolutionNode = FALSE
	EndGlobalSection
EndGlobal
