
Microsoft Visual Studio Solution File, Format Version 12.00
# Visual Studio Version 17
VisualStudioVersion = 17.12.35707.178
MinimumVisualStudioVersion = 10.0.40219.1
Project("{FAE04EC0-301F-11D3-BF4B-00C04F79EFBC}") = "HuntTheWumpus_Team1", "HuntTheWumpus_Team1.csproj", "{D013149F-ACF6-4B6E-9F0F-5CE86548DF7A}"
EndProject
Project("{FAE04EC0-301F-11D3-BF4B-00C04F79EFBC}") = "CaveMain_Offical", "..\Cave_Main_Team1\CaveMain_Offical\CaveMain_Offical.csproj", "{2A1190E3-3B45-463A-8287-BAFF7BC1503F}"
EndProject
Project("{FAE04EC0-301F-11D3-BF4B-00C04F79EFBC}") = "PlayerInventory_Offical", "..\PlayerInventory_Main_Team1\PlayerInventory_Offical\PlayerInventory_Offical.csproj", "{F150622E-B027-4153-B042-B6C936EB72BD}"
EndProject
Project("{FAE04EC0-301F-11D3-BF4B-00C04F79EFBC}") = "GameControl_Offical2", "..\GameControl_Main_Team1\GameControl_Offical2\GameControl_Offical2.csproj", "{C2D8F004-D2F8-415D-9C03-5974FF3C7AC4}"
EndProject
Global
	GlobalSection(SolutionConfigurationPlatforms) = preSolution
		Debug|Any CPU = Debug|Any CPU
		Release|Any CPU = Release|Any CPU
	EndGlobalSection
	GlobalSection(ProjectConfigurationPlatforms) = postSolution
		{D013149F-ACF6-4B6E-9F0F-5CE86548DF7A}.Debug|Any CPU.ActiveCfg = Debug|Any CPU
		{D013149F-ACF6-4B6E-9F0F-5CE86548DF7A}.Debug|Any CPU.Build.0 = Debug|Any CPU
		{D013149F-ACF6-4B6E-9F0F-5CE86548DF7A}.Release|Any CPU.ActiveCfg = Release|Any CPU
		{D013149F-ACF6-4B6E-9F0F-5CE86548DF7A}.Release|Any CPU.Build.0 = Release|Any CPU
		{2A1190E3-3B45-463A-8287-BAFF7BC1503F}.Debug|Any CPU.ActiveCfg = Debug|Any CPU
		{2A1190E3-3B45-463A-8287-BAFF7BC1503F}.Debug|Any CPU.Build.0 = Debug|Any CPU
		{2A1190E3-3B45-463A-8287-BAFF7BC1503F}.Release|Any CPU.ActiveCfg = Release|Any CPU
		{2A1190E3-3B45-463A-8287-BAFF7BC1503F}.Release|Any CPU.Build.0 = Release|Any CPU
		{F150622E-B027-4153-B042-B6C936EB72BD}.Debug|Any CPU.ActiveCfg = Debug|Any CPU
		{F150622E-B027-4153-B042-B6C936EB72BD}.Debug|Any CPU.Build.0 = Debug|Any CPU
		{F150622E-B027-4153-B042-B6C936EB72BD}.Release|Any CPU.ActiveCfg = Release|Any CPU
		{F150622E-B027-4153-B042-B6C936EB72BD}.Release|Any CPU.Build.0 = Release|Any CPU
		{C2D8F004-D2F8-415D-9C03-5974FF3C7AC4}.Debug|Any CPU.ActiveCfg = Debug|Any CPU
		{C2D8F004-D2F8-415D-9C03-5974FF3C7AC4}.Debug|Any CPU.Build.0 = Debug|Any CPU
		{C2D8F004-D2F8-415D-9C03-5974FF3C7AC4}.Release|Any CPU.ActiveCfg = Release|Any CPU
		{C2D8F004-D2F8-415D-9C03-5974FF3C7AC4}.Release|Any CPU.Build.0 = Release|Any CPU
	EndGlobalSection
	GlobalSection(SolutionProperties) = preSolution
		HideSolutionNode = FALSE
	EndGlobalSection
EndGlobal
